
Microsoft Visual Studio Solution File, Format Version 12.00
Project("{FAE04EC0-301F-11D3-BF4B-00C04F79EFBC}") = "Flashcards.Presentation", "Flashcards.Presentation\Flashcards.Presentation.csproj", "{D0D6CE59-A916-4462-A587-F8F438B8344F}"
EndProject
Project("{FAE04EC0-301F-11D3-BF4B-00C04F79EFBC}") = "Flashcards.Core", "Flashcards.Core\Flashcards.Core.csproj", "{D8690B81-6779-45C3-903C-AAD44FFA7DE5}"
EndProject
Project("{FAE04EC0-301F-11D3-BF4B-00C04F79EFBC}") = "FlashCards.DataAccess", "FlashCards.DataAccess\FlashCards.DataAccess.csproj", "{EE465DFB-C779-4A5D-947A-86E6A2C8274A}"
EndProject
Project("{FAE04EC0-301F-11D3-BF4B-00C04F79EFBC}") = "Flashcards.Domain", "Flashcards.Domain\Flashcards.Domain.csproj", "{65258AFA-8D88-4264-93B2-5C67A4671F40}"
EndProject
Global
	GlobalSection(SolutionConfigurationPlatforms) = preSolution
		Debug|Any CPU = Debug|Any CPU
		Release|Any CPU = Release|Any CPU
	EndGlobalSection
	GlobalSection(ProjectConfigurationPlatforms) = postSolution
		{D0D6CE59-A916-4462-A587-F8F438B8344F}.Debug|Any CPU.ActiveCfg = Debug|Any CPU
		{D0D6CE59-A916-4462-A587-F8F438B8344F}.Debug|Any CPU.Build.0 = Debug|Any CPU
		{D0D6CE59-A916-4462-A587-F8F438B8344F}.Release|Any CPU.ActiveCfg = Release|Any CPU
		{D0D6CE59-A916-4462-A587-F8F438B8344F}.Release|Any CPU.Build.0 = Release|Any CPU
		{D8690B81-6779-45C3-903C-AAD44FFA7DE5}.Debug|Any CPU.ActiveCfg = Debug|Any CPU
		{D8690B81-6779-45C3-903C-AAD44FFA7DE5}.Debug|Any CPU.Build.0 = Debug|Any CPU
		{D8690B81-6779-45C3-903C-AAD44FFA7DE5}.Release|Any CPU.ActiveCfg = Release|Any CPU
		{D8690B81-6779-45C3-903C-AAD44FFA7DE5}.Release|Any CPU.Build.0 = Release|Any CPU
		{EE465DFB-C779-4A5D-947A-86E6A2C8274A}.Debug|Any CPU.ActiveCfg = Debug|Any CPU
		{EE465DFB-C779-4A5D-947A-86E6A2C8274A}.Debug|Any CPU.Build.0 = Debug|Any CPU
		{EE465DFB-C779-4A5D-947A-86E6A2C8274A}.Release|Any CPU.ActiveCfg = Release|Any CPU
		{EE465DFB-C779-4A5D-947A-86E6A2C8274A}.Release|Any CPU.Build.0 = Release|Any CPU
		{65258AFA-8D88-4264-93B2-5C67A4671F40}.Debug|Any CPU.ActiveCfg = Debug|Any CPU
		{65258AFA-8D88-4264-93B2-5C67A4671F40}.Debug|Any CPU.Build.0 = Debug|Any CPU
		{65258AFA-8D88-4264-93B2-5C67A4671F40}.Release|Any CPU.ActiveCfg = Release|Any CPU
		{65258AFA-8D88-4264-93B2-5C67A4671F40}.Release|Any CPU.Build.0 = Release|Any CPU
	EndGlobalSection
EndGlobal
